// !$*UTF8*$!
{
	archiveVersion = 1;
	classes = {
	};
	objectVersion = 46;
	objects = {

/* Begin PBXBuildFile section */
		85009E7313CB9464003FB9EF /* NSObject+SBJson.m in Sources */ = {isa = PBXBuildFile; fileRef = 85009E5B13CB9464003FB9EF /* NSObject+SBJson.m */; };
		85009E7413CB9464003FB9EF /* SBJsonParser.m in Sources */ = {isa = PBXBuildFile; fileRef = 85009E5E13CB9464003FB9EF /* SBJsonParser.m */; };
		85009E7513CB9464003FB9EF /* SBJsonStreamParser.m in Sources */ = {isa = PBXBuildFile; fileRef = 85009E6013CB9464003FB9EF /* SBJsonStreamParser.m */; };
		85009E7613CB9464003FB9EF /* SBJsonStreamParserAccumulator.m in Sources */ = {isa = PBXBuildFile; fileRef = 85009E6213CB9464003FB9EF /* SBJsonStreamParserAccumulator.m */; };
		85009E7713CB9464003FB9EF /* SBJsonStreamParserAdapter.m in Sources */ = {isa = PBXBuildFile; fileRef = 85009E6413CB9464003FB9EF /* SBJsonStreamParserAdapter.m */; };
		85009E7813CB9464003FB9EF /* SBJsonStreamParserState.m in Sources */ = {isa = PBXBuildFile; fileRef = 85009E6613CB9464003FB9EF /* SBJsonStreamParserState.m */; };
		85009E7913CB9464003FB9EF /* SBJsonStreamWriter.m in Sources */ = {isa = PBXBuildFile; fileRef = 85009E6813CB9464003FB9EF /* SBJsonStreamWriter.m */; };
		85009E7A13CB9464003FB9EF /* SBJsonStreamWriterAccumulator.m in Sources */ = {isa = PBXBuildFile; fileRef = 85009E6A13CB9464003FB9EF /* SBJsonStreamWriterAccumulator.m */; };
		85009E7B13CB9464003FB9EF /* SBJsonStreamWriterState.m in Sources */ = {isa = PBXBuildFile; fileRef = 85009E6C13CB9464003FB9EF /* SBJsonStreamWriterState.m */; };
		85009E7C13CB9464003FB9EF /* SBJsonTokeniser.m in Sources */ = {isa = PBXBuildFile; fileRef = 85009E6E13CB9464003FB9EF /* SBJsonTokeniser.m */; };
		85009E7D13CB9464003FB9EF /* SBJsonUTF8Stream.m in Sources */ = {isa = PBXBuildFile; fileRef = 85009E7013CB9464003FB9EF /* SBJsonUTF8Stream.m */; };
		85009E7E13CB9464003FB9EF /* SBJsonWriter.m in Sources */ = {isa = PBXBuildFile; fileRef = 85009E7213CB9464003FB9EF /* SBJsonWriter.m */; };
		85009E8213CB9A69003FB9EF /* RailsModel.m in Sources */ = {isa = PBXBuildFile; fileRef = 85009E8113CB9A69003FB9EF /* RailsModel.m */; };
		852DAA1E13AAAEB400432DB4 /* ManagedObjectAttributeEditor.m in Sources */ = {isa = PBXBuildFile; fileRef = 852DAA1D13AAAEB400432DB4 /* ManagedObjectAttributeEditor.m */; };
		852DAA2213AAB4AE00432DB4 /* ManagedObjectStringEditor.m in Sources */ = {isa = PBXBuildFile; fileRef = 852DAA2113AAB4AE00432DB4 /* ManagedObjectStringEditor.m */; };
		852DAA2513AAC4DF00432DB4 /* ManagedObjectDateEditor.m in Sources */ = {isa = PBXBuildFile; fileRef = 852DAA2413AAC4DF00432DB4 /* ManagedObjectDateEditor.m */; };
		852DAA2813AAE4CF00432DB4 /* ManagedObjectSingleSelectionListEditor.m in Sources */ = {isa = PBXBuildFile; fileRef = 852DAA2713AAE4CF00432DB4 /* ManagedObjectSingleSelectionListEditor.m */; };
		852FF094139C1B14007C5475 /* OffersRootTableViewController.m in Sources */ = {isa = PBXBuildFile; fileRef = 852FF093139C1B14007C5475 /* OffersRootTableViewController.m */; };
		855C9C8813ABC46200924AA3 /* OffersRedeemViewController.m in Sources */ = {isa = PBXBuildFile; fileRef = 855C9C8713ABC46200924AA3 /* OffersRedeemViewController.m */; };
		855C9C8B13ABC5BF00924AA3 /* OffersRedeemView.xib in Resources */ = {isa = PBXBuildFile; fileRef = 855C9C8A13ABC5BF00924AA3 /* OffersRedeemView.xib */; };
		855C9C8E13ABD0F000924AA3 /* RedeemServiceStub.m in Sources */ = {isa = PBXBuildFile; fileRef = 855C9C8D13ABD0F000924AA3 /* RedeemServiceStub.m */; };
		855C9C9113ABD2D400924AA3 /* RedeemServiceRequest.m in Sources */ = {isa = PBXBuildFile; fileRef = 855C9C9013ABD2D400924AA3 /* RedeemServiceRequest.m */; };
		855C9C9413ABD32800924AA3 /* RedeemServiceResponse.m in Sources */ = {isa = PBXBuildFile; fileRef = 855C9C9313ABD32800924AA3 /* RedeemServiceResponse.m */; };
		8567AAD313BE31220061D98E /* Offer.m in Sources */ = {isa = PBXBuildFile; fileRef = 8567AAD213BE31210061D98E /* Offer.m */; };
		85D03FA713984F30008D4D97 /* ServiceRequest.m in Sources */ = {isa = PBXBuildFile; fileRef = 85D03FA413984F30008D4D97 /* ServiceRequest.m */; };
		85D03FA813984F30008D4D97 /* ServiceResponse.m in Sources */ = {isa = PBXBuildFile; fileRef = 85D03FA613984F30008D4D97 /* ServiceResponse.m */; };
		85D03FB513987E44008D4D97 /* OffersRootViewController.m in Sources */ = {isa = PBXBuildFile; fileRef = 85D03FB413987E44008D4D97 /* OffersRootViewController.m */; };
		85D03FB813987E71008D4D97 /* MapRootViewController.m in Sources */ = {isa = PBXBuildFile; fileRef = 85D03FB713987E71008D4D97 /* MapRootViewController.m */; };
		85D03FBB13987E85008D4D97 /* ProfileRootViewController.m in Sources */ = {isa = PBXBuildFile; fileRef = 85D03FBA13987E85008D4D97 /* ProfileRootViewController.m */; };
		85D03FBE13987F34008D4D97 /* SettingsRootViewController.m in Sources */ = {isa = PBXBuildFile; fileRef = 85D03FBD13987F34008D4D97 /* SettingsRootViewController.m */; };
		85D91F10139953C700265126 /* MapRootView.xib in Resources */ = {isa = PBXBuildFile; fileRef = 85D91F0F139953C700265126 /* MapRootView.xib */; };
		85D91F13139953D600265126 /* ProfileRootView.xib in Resources */ = {isa = PBXBuildFile; fileRef = 85D91F12139953D600265126 /* ProfileRootView.xib */; };
		85D91F15139955D900265126 /* SettingsRootView.xib in Resources */ = {isa = PBXBuildFile; fileRef = 85D91F14139955D900265126 /* SettingsRootView.xib */; };
		85D91F1713995DF900265126 /* OffersRootView.xib in Resources */ = {isa = PBXBuildFile; fileRef = 85D91F1613995DF900265126 /* OffersRootView.xib */; };
		85D91F22139977F100265126 /* LoginRootViewController.m in Sources */ = {isa = PBXBuildFile; fileRef = 85D91F21139977F100265126 /* LoginRootViewController.m */; };
		85D91F24139978E600265126 /* LoginRootView.xib in Resources */ = {isa = PBXBuildFile; fileRef = 85D91F23139978E600265126 /* LoginRootView.xib */; };
		85DA1F5613984D7D0020154F /* UIKit.framework in Frameworks */ = {isa = PBXBuildFile; fileRef = 85DA1F5513984D7D0020154F /* UIKit.framework */; };
		85DA1F5813984D7D0020154F /* Foundation.framework in Frameworks */ = {isa = PBXBuildFile; fileRef = 85DA1F5713984D7D0020154F /* Foundation.framework */; };
		85DA1F5A13984D7D0020154F /* CoreGraphics.framework in Frameworks */ = {isa = PBXBuildFile; fileRef = 85DA1F5913984D7D0020154F /* CoreGraphics.framework */; };
		85DA1F5C13984D7D0020154F /* CoreData.framework in Frameworks */ = {isa = PBXBuildFile; fileRef = 85DA1F5B13984D7D0020154F /* CoreData.framework */; };
		85DA1F6213984D7D0020154F /* InfoPlist.strings in Resources */ = {isa = PBXBuildFile; fileRef = 85DA1F6013984D7D0020154F /* InfoPlist.strings */; };
		85DA1F6513984D7D0020154F /* main.m in Sources */ = {isa = PBXBuildFile; fileRef = 85DA1F6413984D7D0020154F /* main.m */; };
		85DA1F6813984D7D0020154F /* Youpon_Pt_2AppDelegate.m in Sources */ = {isa = PBXBuildFile; fileRef = 85DA1F6713984D7D0020154F /* Youpon_Pt_2AppDelegate.m */; };
		85DA1F6B13984D7D0020154F /* MainWindow.xib in Resources */ = {isa = PBXBuildFile; fileRef = 85DA1F6913984D7D0020154F /* MainWindow.xib */; };
		85DA1F6E13984D7D0020154F /* Youpon_Pt_2.xcdatamodeld in Sources */ = {isa = PBXBuildFile; fileRef = 85DA1F6C13984D7D0020154F /* Youpon_Pt_2.xcdatamodeld */; };
		85DA1F7513984D7D0020154F /* UIKit.framework in Frameworks */ = {isa = PBXBuildFile; fileRef = 85DA1F5513984D7D0020154F /* UIKit.framework */; };
		85DA1F7613984D7D0020154F /* Foundation.framework in Frameworks */ = {isa = PBXBuildFile; fileRef = 85DA1F5713984D7D0020154F /* Foundation.framework */; };
		85DA1F7713984D7D0020154F /* CoreGraphics.framework in Frameworks */ = {isa = PBXBuildFile; fileRef = 85DA1F5913984D7D0020154F /* CoreGraphics.framework */; };
		85DA1F7813984D7D0020154F /* CoreData.framework in Frameworks */ = {isa = PBXBuildFile; fileRef = 85DA1F5B13984D7D0020154F /* CoreData.framework */; };
		85DA1F8013984D7D0020154F /* InfoPlist.strings in Resources */ = {isa = PBXBuildFile; fileRef = 85DA1F7E13984D7D0020154F /* InfoPlist.strings */; };
		85DA1F8313984D7D0020154F /* Youpon_Pt_2Tests.h in Resources */ = {isa = PBXBuildFile; fileRef = 85DA1F8213984D7D0020154F /* Youpon_Pt_2Tests.h */; };
		85DA1F8513984D7D0020154F /* Youpon_Pt_2Tests.m in Sources */ = {isa = PBXBuildFile; fileRef = 85DA1F8413984D7D0020154F /* Youpon_Pt_2Tests.m */; };
		85DA1FAA13984E7B0020154F /* 06-magnify.png in Resources */ = {isa = PBXBuildFile; fileRef = 85DA1F9A13984E7B0020154F /* 06-magnify.png */; };
		85DA1FAB13984E7B0020154F /* 07-map-marker.png in Resources */ = {isa = PBXBuildFile; fileRef = 85DA1F9B13984E7B0020154F /* 07-map-marker.png */; };
		85DA1FAC13984E7B0020154F /* 15-tags.png in Resources */ = {isa = PBXBuildFile; fileRef = 85DA1F9C13984E7B0020154F /* 15-tags.png */; };
		85DA1FAD13984E7B0020154F /* 19-gear.png in Resources */ = {isa = PBXBuildFile; fileRef = 85DA1F9D13984E7B0020154F /* 19-gear.png */; };
		85DA1FAE13984E7B0020154F /* 20-gear2.png in Resources */ = {isa = PBXBuildFile; fileRef = 85DA1F9E13984E7B0020154F /* 20-gear2.png */; };
		85DA1FAF13984E7B0020154F /* 28-star.png in Resources */ = {isa = PBXBuildFile; fileRef = 85DA1F9F13984E7B0020154F /* 28-star.png */; };
		85DA1FB013984E7B0020154F /* 71-compass.png in Resources */ = {isa = PBXBuildFile; fileRef = 85DA1FA013984E7B0020154F /* 71-compass.png */; };
		85DA1FB113984E7B0020154F /* 72-pin.png in Resources */ = {isa = PBXBuildFile; fileRef = 85DA1FA113984E7B0020154F /* 72-pin.png */; };
		85DA1FB213984E7B0020154F /* 73-radar.png in Resources */ = {isa = PBXBuildFile; fileRef = 85DA1FA213984E7B0020154F /* 73-radar.png */; };
		85DA1FB313984E7B0020154F /* 74-location.png in Resources */ = {isa = PBXBuildFile; fileRef = 85DA1FA313984E7B0020154F /* 74-location.png */; };
		85DA1FB413984E7B0020154F /* 111-user.png in Resources */ = {isa = PBXBuildFile; fileRef = 85DA1FA413984E7B0020154F /* 111-user.png */; };
		85DA1FB513984E7B0020154F /* 112-group.png in Resources */ = {isa = PBXBuildFile; fileRef = 85DA1FA513984E7B0020154F /* 112-group.png */; };
		85DA1FB613984E7B0020154F /* 123-id-card.png in Resources */ = {isa = PBXBuildFile; fileRef = 85DA1FA613984E7B0020154F /* 123-id-card.png */; };
		85DA1FB713984E7B0020154F /* 145-persondot.png in Resources */ = {isa = PBXBuildFile; fileRef = 85DA1FA713984E7B0020154F /* 145-persondot.png */; };
		85DA1FB813984E7B0020154F /* 172-pricetag.png in Resources */ = {isa = PBXBuildFile; fileRef = 85DA1FA813984E7B0020154F /* 172-pricetag.png */; };
		85DA1FB913984E7B0020154F /* 191-collection.png in Resources */ = {isa = PBXBuildFile; fileRef = 85DA1FA913984E7B0020154F /* 191-collection.png */; };
		85DA1FBD13984E990020154F /* LoginServiceStub.m in Sources */ = {isa = PBXBuildFile; fileRef = 85DA1FBC13984E990020154F /* LoginServiceStub.m */; };
		85EBEFD113A2FC17003405A8 /* NSArray-NestedArrays.m in Sources */ = {isa = PBXBuildFile; fileRef = 85EBEFD013A2FC17003405A8 /* NSArray-NestedArrays.m */; };
		85EBEFD413A2FE36003405A8 /* OfferValueDisplay.m in Sources */ = {isa = PBXBuildFile; fileRef = 85EBEFD313A2FE36003405A8 /* OfferValueDisplay.m */; };
		85EBEFD713A30BAE003405A8 /* OffersEditTableViewController.m in Sources */ = {isa = PBXBuildFile; fileRef = 85EBEFD613A30BAE003405A8 /* OffersEditTableViewController.m */; };
/* End PBXBuildFile section */

/* Begin PBXContainerItemProxy section */
		85DA1F7913984D7D0020154F /* PBXContainerItemProxy */ = {
			isa = PBXContainerItemProxy;
			containerPortal = 85DA1F4813984D7D0020154F /* Project object */;
			proxyType = 1;
			remoteGlobalIDString = 85DA1F5013984D7D0020154F;
			remoteInfo = "Youpon-Pt-2";
		};
/* End PBXContainerItemProxy section */

/* Begin PBXFileReference section */
		85009E5913CB9464003FB9EF /* JSON.h */ = {isa = PBXFileReference; fileEncoding = 4; lastKnownFileType = sourcecode.c.h; path = JSON.h; sourceTree = "<group>"; };
		85009E5A13CB9464003FB9EF /* NSObject+SBJson.h */ = {isa = PBXFileReference; fileEncoding = 4; lastKnownFileType = sourcecode.c.h; path = "NSObject+SBJson.h"; sourceTree = "<group>"; };
		85009E5B13CB9464003FB9EF /* NSObject+SBJson.m */ = {isa = PBXFileReference; fileEncoding = 4; lastKnownFileType = sourcecode.c.objc; path = "NSObject+SBJson.m"; sourceTree = "<group>"; };
		85009E5C13CB9464003FB9EF /* SBJson.h */ = {isa = PBXFileReference; fileEncoding = 4; lastKnownFileType = sourcecode.c.h; path = SBJson.h; sourceTree = "<group>"; };
		85009E5D13CB9464003FB9EF /* SBJsonParser.h */ = {isa = PBXFileReference; fileEncoding = 4; lastKnownFileType = sourcecode.c.h; path = SBJsonParser.h; sourceTree = "<group>"; };
		85009E5E13CB9464003FB9EF /* SBJsonParser.m */ = {isa = PBXFileReference; fileEncoding = 4; lastKnownFileType = sourcecode.c.objc; path = SBJsonParser.m; sourceTree = "<group>"; };
		85009E5F13CB9464003FB9EF /* SBJsonStreamParser.h */ = {isa = PBXFileReference; fileEncoding = 4; lastKnownFileType = sourcecode.c.h; path = SBJsonStreamParser.h; sourceTree = "<group>"; };
		85009E6013CB9464003FB9EF /* SBJsonStreamParser.m */ = {isa = PBXFileReference; fileEncoding = 4; lastKnownFileType = sourcecode.c.objc; path = SBJsonStreamParser.m; sourceTree = "<group>"; };
		85009E6113CB9464003FB9EF /* SBJsonStreamParserAccumulator.h */ = {isa = PBXFileReference; fileEncoding = 4; lastKnownFileType = sourcecode.c.h; path = SBJsonStreamParserAccumulator.h; sourceTree = "<group>"; };
		85009E6213CB9464003FB9EF /* SBJsonStreamParserAccumulator.m */ = {isa = PBXFileReference; fileEncoding = 4; lastKnownFileType = sourcecode.c.objc; path = SBJsonStreamParserAccumulator.m; sourceTree = "<group>"; };
		85009E6313CB9464003FB9EF /* SBJsonStreamParserAdapter.h */ = {isa = PBXFileReference; fileEncoding = 4; lastKnownFileType = sourcecode.c.h; path = SBJsonStreamParserAdapter.h; sourceTree = "<group>"; };
		85009E6413CB9464003FB9EF /* SBJsonStreamParserAdapter.m */ = {isa = PBXFileReference; fileEncoding = 4; lastKnownFileType = sourcecode.c.objc; path = SBJsonStreamParserAdapter.m; sourceTree = "<group>"; };
		85009E6513CB9464003FB9EF /* SBJsonStreamParserState.h */ = {isa = PBXFileReference; fileEncoding = 4; lastKnownFileType = sourcecode.c.h; path = SBJsonStreamParserState.h; sourceTree = "<group>"; };
		85009E6613CB9464003FB9EF /* SBJsonStreamParserState.m */ = {isa = PBXFileReference; fileEncoding = 4; lastKnownFileType = sourcecode.c.objc; path = SBJsonStreamParserState.m; sourceTree = "<group>"; };
		85009E6713CB9464003FB9EF /* SBJsonStreamWriter.h */ = {isa = PBXFileReference; fileEncoding = 4; lastKnownFileType = sourcecode.c.h; path = SBJsonStreamWriter.h; sourceTree = "<group>"; };
		85009E6813CB9464003FB9EF /* SBJsonStreamWriter.m */ = {isa = PBXFileReference; fileEncoding = 4; lastKnownFileType = sourcecode.c.objc; path = SBJsonStreamWriter.m; sourceTree = "<group>"; };
		85009E6913CB9464003FB9EF /* SBJsonStreamWriterAccumulator.h */ = {isa = PBXFileReference; fileEncoding = 4; lastKnownFileType = sourcecode.c.h; path = SBJsonStreamWriterAccumulator.h; sourceTree = "<group>"; };
		85009E6A13CB9464003FB9EF /* SBJsonStreamWriterAccumulator.m */ = {isa = PBXFileReference; fileEncoding = 4; lastKnownFileType = sourcecode.c.objc; path = SBJsonStreamWriterAccumulator.m; sourceTree = "<group>"; };
		85009E6B13CB9464003FB9EF /* SBJsonStreamWriterState.h */ = {isa = PBXFileReference; fileEncoding = 4; lastKnownFileType = sourcecode.c.h; path = SBJsonStreamWriterState.h; sourceTree = "<group>"; };
		85009E6C13CB9464003FB9EF /* SBJsonStreamWriterState.m */ = {isa = PBXFileReference; fileEncoding = 4; lastKnownFileType = sourcecode.c.objc; path = SBJsonStreamWriterState.m; sourceTree = "<group>"; };
		85009E6D13CB9464003FB9EF /* SBJsonTokeniser.h */ = {isa = PBXFileReference; fileEncoding = 4; lastKnownFileType = sourcecode.c.h; path = SBJsonTokeniser.h; sourceTree = "<group>"; };
		85009E6E13CB9464003FB9EF /* SBJsonTokeniser.m */ = {isa = PBXFileReference; fileEncoding = 4; lastKnownFileType = sourcecode.c.objc; path = SBJsonTokeniser.m; sourceTree = "<group>"; };
		85009E6F13CB9464003FB9EF /* SBJsonUTF8Stream.h */ = {isa = PBXFileReference; fileEncoding = 4; lastKnownFileType = sourcecode.c.h; path = SBJsonUTF8Stream.h; sourceTree = "<group>"; };
		85009E7013CB9464003FB9EF /* SBJsonUTF8Stream.m */ = {isa = PBXFileReference; fileEncoding = 4; lastKnownFileType = sourcecode.c.objc; path = SBJsonUTF8Stream.m; sourceTree = "<group>"; };
		85009E7113CB9464003FB9EF /* SBJsonWriter.h */ = {isa = PBXFileReference; fileEncoding = 4; lastKnownFileType = sourcecode.c.h; path = SBJsonWriter.h; sourceTree = "<group>"; };
		85009E7213CB9464003FB9EF /* SBJsonWriter.m */ = {isa = PBXFileReference; fileEncoding = 4; lastKnownFileType = sourcecode.c.objc; path = SBJsonWriter.m; sourceTree = "<group>"; };
		85009E8013CB9A69003FB9EF /* RailsModel.h */ = {isa = PBXFileReference; fileEncoding = 4; lastKnownFileType = sourcecode.c.h; path = RailsModel.h; sourceTree = "<group>"; };
		85009E8113CB9A69003FB9EF /* RailsModel.m */ = {isa = PBXFileReference; fileEncoding = 4; lastKnownFileType = sourcecode.c.objc; path = RailsModel.m; sourceTree = "<group>"; };
		852DAA1C13AAAEB400432DB4 /* ManagedObjectAttributeEditor.h */ = {isa = PBXFileReference; fileEncoding = 4; lastKnownFileType = sourcecode.c.h; path = ManagedObjectAttributeEditor.h; sourceTree = "<group>"; };
		852DAA1D13AAAEB400432DB4 /* ManagedObjectAttributeEditor.m */ = {isa = PBXFileReference; fileEncoding = 4; lastKnownFileType = sourcecode.c.objc; path = ManagedObjectAttributeEditor.m; sourceTree = "<group>"; };
		852DAA2013AAB4AE00432DB4 /* ManagedObjectStringEditor.h */ = {isa = PBXFileReference; fileEncoding = 4; lastKnownFileType = sourcecode.c.h; path = ManagedObjectStringEditor.h; sourceTree = "<group>"; };
		852DAA2113AAB4AE00432DB4 /* ManagedObjectStringEditor.m */ = {isa = PBXFileReference; fileEncoding = 4; lastKnownFileType = sourcecode.c.objc; path = ManagedObjectStringEditor.m; sourceTree = "<group>"; };
		852DAA2313AAC4DF00432DB4 /* ManagedObjectDateEditor.h */ = {isa = PBXFileReference; fileEncoding = 4; lastKnownFileType = sourcecode.c.h; path = ManagedObjectDateEditor.h; sourceTree = "<group>"; };
		852DAA2413AAC4DF00432DB4 /* ManagedObjectDateEditor.m */ = {isa = PBXFileReference; fileEncoding = 4; lastKnownFileType = sourcecode.c.objc; path = ManagedObjectDateEditor.m; sourceTree = "<group>"; };
		852DAA2613AAE4CF00432DB4 /* ManagedObjectSingleSelectionListEditor.h */ = {isa = PBXFileReference; fileEncoding = 4; lastKnownFileType = sourcecode.c.h; path = ManagedObjectSingleSelectionListEditor.h; sourceTree = "<group>"; };
		852DAA2713AAE4CF00432DB4 /* ManagedObjectSingleSelectionListEditor.m */ = {isa = PBXFileReference; fileEncoding = 4; lastKnownFileType = sourcecode.c.objc; path = ManagedObjectSingleSelectionListEditor.m; sourceTree = "<group>"; };
		852FF092139C1B14007C5475 /* OffersRootTableViewController.h */ = {isa = PBXFileReference; fileEncoding = 4; lastKnownFileType = sourcecode.c.h; path = OffersRootTableViewController.h; sourceTree = "<group>"; };
		852FF093139C1B14007C5475 /* OffersRootTableViewController.m */ = {isa = PBXFileReference; fileEncoding = 4; lastKnownFileType = sourcecode.c.objc; path = OffersRootTableViewController.m; sourceTree = "<group>"; };
		855C9C8613ABC46200924AA3 /* OffersRedeemViewController.h */ = {isa = PBXFileReference; fileEncoding = 4; lastKnownFileType = sourcecode.c.h; path = OffersRedeemViewController.h; sourceTree = "<group>"; };
		855C9C8713ABC46200924AA3 /* OffersRedeemViewController.m */ = {isa = PBXFileReference; fileEncoding = 4; lastKnownFileType = sourcecode.c.objc; path = OffersRedeemViewController.m; sourceTree = "<group>"; };
		855C9C8A13ABC5BF00924AA3 /* OffersRedeemView.xib */ = {isa = PBXFileReference; fileEncoding = 4; lastKnownFileType = file.xib; path = OffersRedeemView.xib; sourceTree = "<group>"; };
		855C9C8C13ABD0F000924AA3 /* RedeemServiceStub.h */ = {isa = PBXFileReference; fileEncoding = 4; lastKnownFileType = sourcecode.c.h; path = RedeemServiceStub.h; sourceTree = "<group>"; };
		855C9C8D13ABD0F000924AA3 /* RedeemServiceStub.m */ = {isa = PBXFileReference; fileEncoding = 4; lastKnownFileType = sourcecode.c.objc; path = RedeemServiceStub.m; sourceTree = "<group>"; };
		855C9C8F13ABD2D300924AA3 /* RedeemServiceRequest.h */ = {isa = PBXFileReference; fileEncoding = 4; lastKnownFileType = sourcecode.c.h; path = RedeemServiceRequest.h; sourceTree = "<group>"; };
		855C9C9013ABD2D400924AA3 /* RedeemServiceRequest.m */ = {isa = PBXFileReference; fileEncoding = 4; lastKnownFileType = sourcecode.c.objc; path = RedeemServiceRequest.m; sourceTree = "<group>"; };
		855C9C9213ABD32800924AA3 /* RedeemServiceResponse.h */ = {isa = PBXFileReference; fileEncoding = 4; lastKnownFileType = sourcecode.c.h; path = RedeemServiceResponse.h; sourceTree = "<group>"; };
		855C9C9313ABD32800924AA3 /* RedeemServiceResponse.m */ = {isa = PBXFileReference; fileEncoding = 4; lastKnownFileType = sourcecode.c.objc; path = RedeemServiceResponse.m; sourceTree = "<group>"; };
		8567AAD113BE31210061D98E /* Offer.h */ = {isa = PBXFileReference; fileEncoding = 4; lastKnownFileType = sourcecode.c.h; path = Offer.h; sourceTree = "<group>"; };
		8567AAD213BE31210061D98E /* Offer.m */ = {isa = PBXFileReference; fileEncoding = 4; lastKnownFileType = sourcecode.c.objc; path = Offer.m; sourceTree = "<group>"; };
		85D03FA313984F30008D4D97 /* ServiceRequest.h */ = {isa = PBXFileReference; fileEncoding = 4; lastKnownFileType = sourcecode.c.h; path = ServiceRequest.h; sourceTree = "<group>"; };
		85D03FA413984F30008D4D97 /* ServiceRequest.m */ = {isa = PBXFileReference; fileEncoding = 4; lastKnownFileType = sourcecode.c.objc; path = ServiceRequest.m; sourceTree = "<group>"; };
		85D03FA513984F30008D4D97 /* ServiceResponse.h */ = {isa = PBXFileReference; fileEncoding = 4; lastKnownFileType = sourcecode.c.h; path = ServiceResponse.h; sourceTree = "<group>"; };
		85D03FA613984F30008D4D97 /* ServiceResponse.m */ = {isa = PBXFileReference; fileEncoding = 4; lastKnownFileType = sourcecode.c.objc; path = ServiceResponse.m; sourceTree = "<group>"; };
		85D03FB313987E44008D4D97 /* OffersRootViewController.h */ = {isa = PBXFileReference; fileEncoding = 4; lastKnownFileType = sourcecode.c.h; path = OffersRootViewController.h; sourceTree = "<group>"; };
		85D03FB413987E44008D4D97 /* OffersRootViewController.m */ = {isa = PBXFileReference; fileEncoding = 4; lastKnownFileType = sourcecode.c.objc; path = OffersRootViewController.m; sourceTree = "<group>"; };
		85D03FB613987E71008D4D97 /* MapRootViewController.h */ = {isa = PBXFileReference; fileEncoding = 4; lastKnownFileType = sourcecode.c.h; path = MapRootViewController.h; sourceTree = "<group>"; };
		85D03FB713987E71008D4D97 /* MapRootViewController.m */ = {isa = PBXFileReference; fileEncoding = 4; lastKnownFileType = sourcecode.c.objc; path = MapRootViewController.m; sourceTree = "<group>"; };
		85D03FB913987E85008D4D97 /* ProfileRootViewController.h */ = {isa = PBXFileReference; fileEncoding = 4; lastKnownFileType = sourcecode.c.h; path = ProfileRootViewController.h; sourceTree = "<group>"; };
		85D03FBA13987E85008D4D97 /* ProfileRootViewController.m */ = {isa = PBXFileReference; fileEncoding = 4; lastKnownFileType = sourcecode.c.objc; path = ProfileRootViewController.m; sourceTree = "<group>"; };
		85D03FBC13987F34008D4D97 /* SettingsRootViewController.h */ = {isa = PBXFileReference; fileEncoding = 4; lastKnownFileType = sourcecode.c.h; path = SettingsRootViewController.h; sourceTree = "<group>"; };
		85D03FBD13987F34008D4D97 /* SettingsRootViewController.m */ = {isa = PBXFileReference; fileEncoding = 4; lastKnownFileType = sourcecode.c.objc; path = SettingsRootViewController.m; sourceTree = "<group>"; };
		85D91F0F139953C700265126 /* MapRootView.xib */ = {isa = PBXFileReference; fileEncoding = 4; lastKnownFileType = file.xib; path = MapRootView.xib; sourceTree = "<group>"; };
		85D91F12139953D600265126 /* ProfileRootView.xib */ = {isa = PBXFileReference; fileEncoding = 4; lastKnownFileType = file.xib; path = ProfileRootView.xib; sourceTree = "<group>"; };
		85D91F14139955D900265126 /* SettingsRootView.xib */ = {isa = PBXFileReference; fileEncoding = 4; lastKnownFileType = file.xib; path = SettingsRootView.xib; sourceTree = "<group>"; };
		85D91F1613995DF900265126 /* OffersRootView.xib */ = {isa = PBXFileReference; fileEncoding = 4; lastKnownFileType = file.xib; path = OffersRootView.xib; sourceTree = "<group>"; };
		85D91F20139977F100265126 /* LoginRootViewController.h */ = {isa = PBXFileReference; fileEncoding = 4; lastKnownFileType = sourcecode.c.h; path = LoginRootViewController.h; sourceTree = "<group>"; };
		85D91F21139977F100265126 /* LoginRootViewController.m */ = {isa = PBXFileReference; fileEncoding = 4; lastKnownFileType = sourcecode.c.objc; path = LoginRootViewController.m; sourceTree = "<group>"; };
		85D91F23139978E600265126 /* LoginRootView.xib */ = {isa = PBXFileReference; fileEncoding = 4; lastKnownFileType = file.xib; path = LoginRootView.xib; sourceTree = "<group>"; };
		85DA1F5113984D7D0020154F /* Youpon-Pt-2.app */ = {isa = PBXFileReference; explicitFileType = wrapper.application; includeInIndex = 0; path = "Youpon-Pt-2.app"; sourceTree = BUILT_PRODUCTS_DIR; };
		85DA1F5513984D7D0020154F /* UIKit.framework */ = {isa = PBXFileReference; lastKnownFileType = wrapper.framework; name = UIKit.framework; path = System/Library/Frameworks/UIKit.framework; sourceTree = SDKROOT; };
		85DA1F5713984D7D0020154F /* Foundation.framework */ = {isa = PBXFileReference; lastKnownFileType = wrapper.framework; name = Foundation.framework; path = System/Library/Frameworks/Foundation.framework; sourceTree = SDKROOT; };
		85DA1F5913984D7D0020154F /* CoreGraphics.framework */ = {isa = PBXFileReference; lastKnownFileType = wrapper.framework; name = CoreGraphics.framework; path = System/Library/Frameworks/CoreGraphics.framework; sourceTree = SDKROOT; };
		85DA1F5B13984D7D0020154F /* CoreData.framework */ = {isa = PBXFileReference; lastKnownFileType = wrapper.framework; name = CoreData.framework; path = System/Library/Frameworks/CoreData.framework; sourceTree = SDKROOT; };
		85DA1F5F13984D7D0020154F /* Youpon-Pt-2-Info.plist */ = {isa = PBXFileReference; lastKnownFileType = text.plist.xml; path = "Youpon-Pt-2-Info.plist"; sourceTree = "<group>"; };
		85DA1F6113984D7D0020154F /* en */ = {isa = PBXFileReference; lastKnownFileType = text.plist.strings; name = en; path = en.lproj/InfoPlist.strings; sourceTree = "<group>"; };
		85DA1F6313984D7D0020154F /* Youpon-Pt-2-Prefix.pch */ = {isa = PBXFileReference; lastKnownFileType = sourcecode.c.h; path = "Youpon-Pt-2-Prefix.pch"; sourceTree = "<group>"; };
		85DA1F6413984D7D0020154F /* main.m */ = {isa = PBXFileReference; lastKnownFileType = sourcecode.c.objc; path = main.m; sourceTree = "<group>"; };
		85DA1F6613984D7D0020154F /* Youpon_Pt_2AppDelegate.h */ = {isa = PBXFileReference; lastKnownFileType = sourcecode.c.h; path = Youpon_Pt_2AppDelegate.h; sourceTree = "<group>"; };
		85DA1F6713984D7D0020154F /* Youpon_Pt_2AppDelegate.m */ = {isa = PBXFileReference; lastKnownFileType = sourcecode.c.objc; path = Youpon_Pt_2AppDelegate.m; sourceTree = "<group>"; };
		85DA1F6A13984D7D0020154F /* en */ = {isa = PBXFileReference; lastKnownFileType = file.xib; name = en; path = en.lproj/MainWindow.xib; sourceTree = "<group>"; };
		85DA1F6D13984D7D0020154F /* Youpon_Pt_2.xcdatamodel */ = {isa = PBXFileReference; lastKnownFileType = wrapper.xcdatamodel; path = Youpon_Pt_2.xcdatamodel; sourceTree = "<group>"; };
		85DA1F7413984D7D0020154F /* Youpon-Pt-2Tests.octest */ = {isa = PBXFileReference; explicitFileType = wrapper.cfbundle; includeInIndex = 0; path = "Youpon-Pt-2Tests.octest"; sourceTree = BUILT_PRODUCTS_DIR; };
		85DA1F7D13984D7D0020154F /* Youpon-Pt-2Tests-Info.plist */ = {isa = PBXFileReference; lastKnownFileType = text.plist.xml; path = "Youpon-Pt-2Tests-Info.plist"; sourceTree = "<group>"; };
		85DA1F7F13984D7D0020154F /* en */ = {isa = PBXFileReference; lastKnownFileType = text.plist.strings; name = en; path = en.lproj/InfoPlist.strings; sourceTree = "<group>"; };
		85DA1F8113984D7D0020154F /* Youpon-Pt-2Tests-Prefix.pch */ = {isa = PBXFileReference; lastKnownFileType = sourcecode.c.h; path = "Youpon-Pt-2Tests-Prefix.pch"; sourceTree = "<group>"; };
		85DA1F8213984D7D0020154F /* Youpon_Pt_2Tests.h */ = {isa = PBXFileReference; lastKnownFileType = sourcecode.c.h; path = Youpon_Pt_2Tests.h; sourceTree = "<group>"; };
		85DA1F8413984D7D0020154F /* Youpon_Pt_2Tests.m */ = {isa = PBXFileReference; lastKnownFileType = sourcecode.c.objc; path = Youpon_Pt_2Tests.m; sourceTree = "<group>"; };
		85DA1F9A13984E7B0020154F /* 06-magnify.png */ = {isa = PBXFileReference; lastKnownFileType = image.png; path = "06-magnify.png"; sourceTree = "<group>"; };
		85DA1F9B13984E7B0020154F /* 07-map-marker.png */ = {isa = PBXFileReference; lastKnownFileType = image.png; path = "07-map-marker.png"; sourceTree = "<group>"; };
		85DA1F9C13984E7B0020154F /* 15-tags.png */ = {isa = PBXFileReference; lastKnownFileType = image.png; path = "15-tags.png"; sourceTree = "<group>"; };
		85DA1F9D13984E7B0020154F /* 19-gear.png */ = {isa = PBXFileReference; lastKnownFileType = image.png; path = "19-gear.png"; sourceTree = "<group>"; };
		85DA1F9E13984E7B0020154F /* 20-gear2.png */ = {isa = PBXFileReference; lastKnownFileType = image.png; path = "20-gear2.png"; sourceTree = "<group>"; };
		85DA1F9F13984E7B0020154F /* 28-star.png */ = {isa = PBXFileReference; lastKnownFileType = image.png; path = "28-star.png"; sourceTree = "<group>"; };
		85DA1FA013984E7B0020154F /* 71-compass.png */ = {isa = PBXFileReference; lastKnownFileType = image.png; path = "71-compass.png"; sourceTree = "<group>"; };
		85DA1FA113984E7B0020154F /* 72-pin.png */ = {isa = PBXFileReference; lastKnownFileType = image.png; path = "72-pin.png"; sourceTree = "<group>"; };
		85DA1FA213984E7B0020154F /* 73-radar.png */ = {isa = PBXFileReference; lastKnownFileType = image.png; path = "73-radar.png"; sourceTree = "<group>"; };
		85DA1FA313984E7B0020154F /* 74-location.png */ = {isa = PBXFileReference; lastKnownFileType = image.png; path = "74-location.png"; sourceTree = "<group>"; };
		85DA1FA413984E7B0020154F /* 111-user.png */ = {isa = PBXFileReference; lastKnownFileType = image.png; path = "111-user.png"; sourceTree = "<group>"; };
		85DA1FA513984E7B0020154F /* 112-group.png */ = {isa = PBXFileReference; lastKnownFileType = image.png; path = "112-group.png"; sourceTree = "<group>"; };
		85DA1FA613984E7B0020154F /* 123-id-card.png */ = {isa = PBXFileReference; lastKnownFileType = image.png; path = "123-id-card.png"; sourceTree = "<group>"; };
		85DA1FA713984E7B0020154F /* 145-persondot.png */ = {isa = PBXFileReference; lastKnownFileType = image.png; path = "145-persondot.png"; sourceTree = "<group>"; };
		85DA1FA813984E7B0020154F /* 172-pricetag.png */ = {isa = PBXFileReference; lastKnownFileType = image.png; path = "172-pricetag.png"; sourceTree = "<group>"; };
		85DA1FA913984E7B0020154F /* 191-collection.png */ = {isa = PBXFileReference; lastKnownFileType = image.png; path = "191-collection.png"; sourceTree = "<group>"; };
		85DA1FBB13984E990020154F /* LoginServiceStub.h */ = {isa = PBXFileReference; fileEncoding = 4; lastKnownFileType = sourcecode.c.h; path = LoginServiceStub.h; sourceTree = "<group>"; };
		85DA1FBC13984E990020154F /* LoginServiceStub.m */ = {isa = PBXFileReference; fileEncoding = 4; lastKnownFileType = sourcecode.c.objc; path = LoginServiceStub.m; sourceTree = "<group>"; };
		85EBEFCF13A2FC17003405A8 /* NSArray-NestedArrays.h */ = {isa = PBXFileReference; fileEncoding = 4; lastKnownFileType = sourcecode.c.h; path = "NSArray-NestedArrays.h"; sourceTree = "<group>"; };
		85EBEFD013A2FC17003405A8 /* NSArray-NestedArrays.m */ = {isa = PBXFileReference; fileEncoding = 4; lastKnownFileType = sourcecode.c.objc; path = "NSArray-NestedArrays.m"; sourceTree = "<group>"; };
		85EBEFD213A2FE36003405A8 /* OfferValueDisplay.h */ = {isa = PBXFileReference; fileEncoding = 4; lastKnownFileType = sourcecode.c.h; path = OfferValueDisplay.h; sourceTree = "<group>"; };
		85EBEFD313A2FE36003405A8 /* OfferValueDisplay.m */ = {isa = PBXFileReference; fileEncoding = 4; lastKnownFileType = sourcecode.c.objc; path = OfferValueDisplay.m; sourceTree = "<group>"; };
		85EBEFD513A30BAE003405A8 /* OffersEditTableViewController.h */ = {isa = PBXFileReference; fileEncoding = 4; lastKnownFileType = sourcecode.c.h; path = OffersEditTableViewController.h; sourceTree = "<group>"; };
		85EBEFD613A30BAE003405A8 /* OffersEditTableViewController.m */ = {isa = PBXFileReference; fileEncoding = 4; lastKnownFileType = sourcecode.c.objc; path = OffersEditTableViewController.m; sourceTree = "<group>"; };
/* End PBXFileReference section */

/* Begin PBXFrameworksBuildPhase section */
		85DA1F4E13984D7D0020154F /* Frameworks */ = {
			isa = PBXFrameworksBuildPhase;
			buildActionMask = 2147483647;
			files = (
				85DA1F5613984D7D0020154F /* UIKit.framework in Frameworks */,
				85DA1F5813984D7D0020154F /* Foundation.framework in Frameworks */,
				85DA1F5A13984D7D0020154F /* CoreGraphics.framework in Frameworks */,
				85DA1F5C13984D7D0020154F /* CoreData.framework in Frameworks */,
			);
			runOnlyForDeploymentPostprocessing = 0;
		};
		85DA1F7013984D7D0020154F /* Frameworks */ = {
			isa = PBXFrameworksBuildPhase;
			buildActionMask = 2147483647;
			files = (
				85DA1F7513984D7D0020154F /* UIKit.framework in Frameworks */,
				85DA1F7613984D7D0020154F /* Foundation.framework in Frameworks */,
				85DA1F7713984D7D0020154F /* CoreGraphics.framework in Frameworks */,
				85DA1F7813984D7D0020154F /* CoreData.framework in Frameworks */,
			);
			runOnlyForDeploymentPostprocessing = 0;
		};
/* End PBXFrameworksBuildPhase section */

/* Begin PBXGroup section */
		85009E5813CB9464003FB9EF /* JSON */ = {
			isa = PBXGroup;
			children = (
				85009E5913CB9464003FB9EF /* JSON.h */,
				85009E5A13CB9464003FB9EF /* NSObject+SBJson.h */,
				85009E5B13CB9464003FB9EF /* NSObject+SBJson.m */,
				85009E5C13CB9464003FB9EF /* SBJson.h */,
				85009E5D13CB9464003FB9EF /* SBJsonParser.h */,
				85009E5E13CB9464003FB9EF /* SBJsonParser.m */,
				85009E5F13CB9464003FB9EF /* SBJsonStreamParser.h */,
				85009E6013CB9464003FB9EF /* SBJsonStreamParser.m */,
				85009E6113CB9464003FB9EF /* SBJsonStreamParserAccumulator.h */,
				85009E6213CB9464003FB9EF /* SBJsonStreamParserAccumulator.m */,
				85009E6313CB9464003FB9EF /* SBJsonStreamParserAdapter.h */,
				85009E6413CB9464003FB9EF /* SBJsonStreamParserAdapter.m */,
				85009E6513CB9464003FB9EF /* SBJsonStreamParserState.h */,
				85009E6613CB9464003FB9EF /* SBJsonStreamParserState.m */,
				85009E6713CB9464003FB9EF /* SBJsonStreamWriter.h */,
				85009E6813CB9464003FB9EF /* SBJsonStreamWriter.m */,
				85009E6913CB9464003FB9EF /* SBJsonStreamWriterAccumulator.h */,
				85009E6A13CB9464003FB9EF /* SBJsonStreamWriterAccumulator.m */,
				85009E6B13CB9464003FB9EF /* SBJsonStreamWriterState.h */,
				85009E6C13CB9464003FB9EF /* SBJsonStreamWriterState.m */,
				85009E6D13CB9464003FB9EF /* SBJsonTokeniser.h */,
				85009E6E13CB9464003FB9EF /* SBJsonTokeniser.m */,
				85009E6F13CB9464003FB9EF /* SBJsonUTF8Stream.h */,
				85009E7013CB9464003FB9EF /* SBJsonUTF8Stream.m */,
				85009E7113CB9464003FB9EF /* SBJsonWriter.h */,
				85009E7213CB9464003FB9EF /* SBJsonWriter.m */,
			);
			path = JSON;
			sourceTree = "<group>";
		};
		85009E7F13CB9A41003FB9EF /* Models */ = {
			isa = PBXGroup;
			children = (
				85009E8013CB9A69003FB9EF /* RailsModel.h */,
				85009E8113CB9A69003FB9EF /* RailsModel.m */,
			);
			name = Models;
			sourceTree = "<group>";
		};
		8567AAD513BE31530061D98E /* Objects */ = {
			isa = PBXGroup;
			children = (
				8567AAD113BE31210061D98E /* Offer.h */,
				8567AAD213BE31210061D98E /* Offer.m */,
			);
			name = Objects;
			sourceTree = "<group>";
		};
		85D03FB213987DD5008D4D97 /* UIControllers */ = {
			isa = PBXGroup;
			children = (
				85D03FB613987E71008D4D97 /* MapRootViewController.h */,
				85D03FB713987E71008D4D97 /* MapRootViewController.m */,
				85D03FB913987E85008D4D97 /* ProfileRootViewController.h */,
				85D03FBA13987E85008D4D97 /* ProfileRootViewController.m */,
				85D03FBC13987F34008D4D97 /* SettingsRootViewController.h */,
				85D03FBD13987F34008D4D97 /* SettingsRootViewController.m */,
				85D91F20139977F100265126 /* LoginRootViewController.h */,
				85D91F21139977F100265126 /* LoginRootViewController.m */,
				852FF092139C1B14007C5475 /* OffersRootTableViewController.h */,
				852FF093139C1B14007C5475 /* OffersRootTableViewController.m */,
				85EBEFD513A30BAE003405A8 /* OffersEditTableViewController.h */,
				85EBEFD613A30BAE003405A8 /* OffersEditTableViewController.m */,
				855C9C8613ABC46200924AA3 /* OffersRedeemViewController.h */,
				855C9C8713ABC46200924AA3 /* OffersRedeemViewController.m */,
			);
			name = UIControllers;
			sourceTree = "<group>";
		};
		85DA1F4613984D7D0020154F = {
			isa = PBXGroup;
			children = (
				85DA1F5D13984D7D0020154F /* Youpon-Pt-2 */,
				85DA1F7B13984D7D0020154F /* Youpon-Pt-2Tests */,
				85DA1F5413984D7D0020154F /* Frameworks */,
				85DA1F5213984D7D0020154F /* Products */,
			);
			sourceTree = "<group>";
		};
		85DA1F5213984D7D0020154F /* Products */ = {
			isa = PBXGroup;
			children = (
				85DA1F5113984D7D0020154F /* Youpon-Pt-2.app */,
				85DA1F7413984D7D0020154F /* Youpon-Pt-2Tests.octest */,
			);
			name = Products;
			sourceTree = "<group>";
		};
		85DA1F5413984D7D0020154F /* Frameworks */ = {
			isa = PBXGroup;
			children = (
				85DA1F5513984D7D0020154F /* UIKit.framework */,
				85DA1F5713984D7D0020154F /* Foundation.framework */,
				85DA1F5913984D7D0020154F /* CoreGraphics.framework */,
				85DA1F5B13984D7D0020154F /* CoreData.framework */,
			);
			name = Frameworks;
			sourceTree = "<group>";
		};
		85DA1F5D13984D7D0020154F /* Youpon-Pt-2 */ = {
			isa = PBXGroup;
			children = (
				85EBEFCC13A2F652003405A8 /* TO_DELETE */,
				85DA1F6613984D7D0020154F /* Youpon_Pt_2AppDelegate.h */,
				85DA1F6713984D7D0020154F /* Youpon_Pt_2AppDelegate.m */,
				85EBEFCE13A2FB15003405A8 /* Categories */,
				85DA1FBE13984E9F0020154F /* Classes */,
				85DA1F8F13984DF80020154F /* CoreData */,
				85009E5813CB9464003FB9EF /* JSON */,
				85009E7F13CB9A41003FB9EF /* Models */,
				8567AAD513BE31530061D98E /* Objects */,
				85DA1F8E13984DEA0020154F /* Interface */,
				85D03FB213987DD5008D4D97 /* UIControllers */,
				85DA1F9813984E5E0020154F /* Images */,
				85DA1FBA13984E870020154F /* ServiceStubs */,
				85DA1F5E13984D7D0020154F /* Supporting Files */,
			);
			path = "Youpon-Pt-2";
			sourceTree = "<group>";
		};
		85DA1F5E13984D7D0020154F /* Supporting Files */ = {
			isa = PBXGroup;
			children = (
				85DA1F5F13984D7D0020154F /* Youpon-Pt-2-Info.plist */,
				85DA1F6013984D7D0020154F /* InfoPlist.strings */,
				85DA1F6313984D7D0020154F /* Youpon-Pt-2-Prefix.pch */,
				85DA1F6413984D7D0020154F /* main.m */,
			);
			name = "Supporting Files";
			sourceTree = "<group>";
		};
		85DA1F7B13984D7D0020154F /* Youpon-Pt-2Tests */ = {
			isa = PBXGroup;
			children = (
				85DA1F8213984D7D0020154F /* Youpon_Pt_2Tests.h */,
				85DA1F8413984D7D0020154F /* Youpon_Pt_2Tests.m */,
				85DA1F7C13984D7D0020154F /* Supporting Files */,
			);
			path = "Youpon-Pt-2Tests";
			sourceTree = "<group>";
		};
		85DA1F7C13984D7D0020154F /* Supporting Files */ = {
			isa = PBXGroup;
			children = (
				85DA1F7D13984D7D0020154F /* Youpon-Pt-2Tests-Info.plist */,
				85DA1F7E13984D7D0020154F /* InfoPlist.strings */,
				85DA1F8113984D7D0020154F /* Youpon-Pt-2Tests-Prefix.pch */,
			);
			name = "Supporting Files";
			sourceTree = "<group>";
		};
		85DA1F8E13984DEA0020154F /* Interface */ = {
			isa = PBXGroup;
			children = (
				85DA1F6913984D7D0020154F /* MainWindow.xib */,
				85D91F0F139953C700265126 /* MapRootView.xib */,
				85D91F12139953D600265126 /* ProfileRootView.xib */,
				85D91F14139955D900265126 /* SettingsRootView.xib */,
				85D91F23139978E600265126 /* LoginRootView.xib */,
				855C9C8A13ABC5BF00924AA3 /* OffersRedeemView.xib */,
			);
			name = Interface;
			sourceTree = "<group>";
		};
		85DA1F8F13984DF80020154F /* CoreData */ = {
			isa = PBXGroup;
			children = (
				85DA1F6C13984D7D0020154F /* Youpon_Pt_2.xcdatamodeld */,
			);
			name = CoreData;
			sourceTree = "<group>";
		};
		85DA1F9813984E5E0020154F /* Images */ = {
			isa = PBXGroup;
			children = (
				85DA1F9913984E650020154F /* TabBarIcons */,
			);
			name = Images;
			sourceTree = "<group>";
		};
		85DA1F9913984E650020154F /* TabBarIcons */ = {
			isa = PBXGroup;
			children = (
				85DA1F9A13984E7B0020154F /* 06-magnify.png */,
				85DA1F9B13984E7B0020154F /* 07-map-marker.png */,
				85DA1F9C13984E7B0020154F /* 15-tags.png */,
				85DA1F9D13984E7B0020154F /* 19-gear.png */,
				85DA1F9E13984E7B0020154F /* 20-gear2.png */,
				85DA1F9F13984E7B0020154F /* 28-star.png */,
				85DA1FA013984E7B0020154F /* 71-compass.png */,
				85DA1FA113984E7B0020154F /* 72-pin.png */,
				85DA1FA213984E7B0020154F /* 73-radar.png */,
				85DA1FA313984E7B0020154F /* 74-location.png */,
				85DA1FA413984E7B0020154F /* 111-user.png */,
				85DA1FA513984E7B0020154F /* 112-group.png */,
				85DA1FA613984E7B0020154F /* 123-id-card.png */,
				85DA1FA713984E7B0020154F /* 145-persondot.png */,
				85DA1FA813984E7B0020154F /* 172-pricetag.png */,
				85DA1FA913984E7B0020154F /* 191-collection.png */,
			);
			name = TabBarIcons;
			sourceTree = "<group>";
		};
		85DA1FBA13984E870020154F /* ServiceStubs */ = {
			isa = PBXGroup;
			children = (
				85DA1FBB13984E990020154F /* LoginServiceStub.h */,
				85DA1FBC13984E990020154F /* LoginServiceStub.m */,
				855C9C8C13ABD0F000924AA3 /* RedeemServiceStub.h */,
				855C9C8D13ABD0F000924AA3 /* RedeemServiceStub.m */,
			);
			name = ServiceStubs;
			sourceTree = "<group>";
		};
		85DA1FBE13984E9F0020154F /* Classes */ = {
			isa = PBXGroup;
			children = (
				85D03FA313984F30008D4D97 /* ServiceRequest.h */,
				85D03FA413984F30008D4D97 /* ServiceRequest.m */,
				85D03FA513984F30008D4D97 /* ServiceResponse.h */,
				85D03FA613984F30008D4D97 /* ServiceResponse.m */,
				855C9C8F13ABD2D300924AA3 /* RedeemServiceRequest.h */,
				855C9C9013ABD2D400924AA3 /* RedeemServiceRequest.m */,
				855C9C9213ABD32800924AA3 /* RedeemServiceResponse.h */,
				855C9C9313ABD32800924AA3 /* RedeemServiceResponse.m */,
				852DAA1C13AAAEB400432DB4 /* ManagedObjectAttributeEditor.h */,
				852DAA1D13AAAEB400432DB4 /* ManagedObjectAttributeEditor.m */,
				852DAA2013AAB4AE00432DB4 /* ManagedObjectStringEditor.h */,
				852DAA2113AAB4AE00432DB4 /* ManagedObjectStringEditor.m */,
				852DAA2313AAC4DF00432DB4 /* ManagedObjectDateEditor.h */,
				852DAA2413AAC4DF00432DB4 /* ManagedObjectDateEditor.m */,
				852DAA2613AAE4CF00432DB4 /* ManagedObjectSingleSelectionListEditor.h */,
				852DAA2713AAE4CF00432DB4 /* ManagedObjectSingleSelectionListEditor.m */,
			);
			name = Classes;
			sourceTree = "<group>";
		};
		85EBEFCC13A2F652003405A8 /* TO_DELETE */ = {
			isa = PBXGroup;
			children = (
				85D91F1613995DF900265126 /* OffersRootView.xib */,
				85D03FB313987E44008D4D97 /* OffersRootViewController.h */,
				85D03FB413987E44008D4D97 /* OffersRootViewController.m */,
			);
			name = TO_DELETE;
			sourceTree = "<group>";
		};
		85EBEFCE13A2FB15003405A8 /* Categories */ = {
			isa = PBXGroup;
			children = (
				85EBEFCF13A2FC17003405A8 /* NSArray-NestedArrays.h */,
				85EBEFD013A2FC17003405A8 /* NSArray-NestedArrays.m */,
				85EBEFD213A2FE36003405A8 /* OfferValueDisplay.h */,
				85EBEFD313A2FE36003405A8 /* OfferValueDisplay.m */,
			);
			name = Categories;
			sourceTree = "<group>";
		};
/* End PBXGroup section */

/* Begin PBXNativeTarget section */
		85DA1F5013984D7D0020154F /* Youpon-Pt-2 */ = {
			isa = PBXNativeTarget;
			buildConfigurationList = 85DA1F8813984D7D0020154F /* Build configuration list for PBXNativeTarget "Youpon-Pt-2" */;
			buildPhases = (
				85DA1F4D13984D7D0020154F /* Sources */,
				85DA1F4E13984D7D0020154F /* Frameworks */,
				85DA1F4F13984D7D0020154F /* Resources */,
			);
			buildRules = (
			);
			dependencies = (
			);
			name = "Youpon-Pt-2";
			productName = "Youpon-Pt-2";
			productReference = 85DA1F5113984D7D0020154F /* Youpon-Pt-2.app */;
			productType = "com.apple.product-type.application";
		};
		85DA1F7313984D7D0020154F /* Youpon-Pt-2Tests */ = {
			isa = PBXNativeTarget;
			buildConfigurationList = 85DA1F8B13984D7D0020154F /* Build configuration list for PBXNativeTarget "Youpon-Pt-2Tests" */;
			buildPhases = (
				85DA1F6F13984D7D0020154F /* Sources */,
				85DA1F7013984D7D0020154F /* Frameworks */,
				85DA1F7113984D7D0020154F /* Resources */,
				85DA1F7213984D7D0020154F /* ShellScript */,
			);
			buildRules = (
			);
			dependencies = (
				85DA1F7A13984D7D0020154F /* PBXTargetDependency */,
			);
			name = "Youpon-Pt-2Tests";
			productName = "Youpon-Pt-2Tests";
			productReference = 85DA1F7413984D7D0020154F /* Youpon-Pt-2Tests.octest */;
			productType = "com.apple.product-type.bundle";
		};
/* End PBXNativeTarget section */

/* Begin PBXProject section */
		85DA1F4813984D7D0020154F /* Project object */ = {
			isa = PBXProject;
			attributes = {
				ORGANIZATIONNAME = "Garrison Prinslow";
			};
			buildConfigurationList = 85DA1F4B13984D7D0020154F /* Build configuration list for PBXProject "Youpon-Pt-2" */;
			compatibilityVersion = "Xcode 3.2";
			developmentRegion = English;
			hasScannedForEncodings = 0;
			knownRegions = (
				en,
			);
			mainGroup = 85DA1F4613984D7D0020154F;
			productRefGroup = 85DA1F5213984D7D0020154F /* Products */;
			projectDirPath = "";
			projectRoot = "";
			targets = (
				85DA1F5013984D7D0020154F /* Youpon-Pt-2 */,
				85DA1F7313984D7D0020154F /* Youpon-Pt-2Tests */,
			);
		};
/* End PBXProject section */

/* Begin PBXResourcesBuildPhase section */
		85DA1F4F13984D7D0020154F /* Resources */ = {
			isa = PBXResourcesBuildPhase;
			buildActionMask = 2147483647;
			files = (
				85DA1F6213984D7D0020154F /* InfoPlist.strings in Resources */,
				85DA1F6B13984D7D0020154F /* MainWindow.xib in Resources */,
				85DA1FAA13984E7B0020154F /* 06-magnify.png in Resources */,
				85DA1FAB13984E7B0020154F /* 07-map-marker.png in Resources */,
				85DA1FAC13984E7B0020154F /* 15-tags.png in Resources */,
				85DA1FAD13984E7B0020154F /* 19-gear.png in Resources */,
				85DA1FAE13984E7B0020154F /* 20-gear2.png in Resources */,
				85DA1FAF13984E7B0020154F /* 28-star.png in Resources */,
				85DA1FB013984E7B0020154F /* 71-compass.png in Resources */,
				85DA1FB113984E7B0020154F /* 72-pin.png in Resources */,
				85DA1FB213984E7B0020154F /* 73-radar.png in Resources */,
				85DA1FB313984E7B0020154F /* 74-location.png in Resources */,
				85DA1FB413984E7B0020154F /* 111-user.png in Resources */,
				85DA1FB513984E7B0020154F /* 112-group.png in Resources */,
				85DA1FB613984E7B0020154F /* 123-id-card.png in Resources */,
				85DA1FB713984E7B0020154F /* 145-persondot.png in Resources */,
				85DA1FB813984E7B0020154F /* 172-pricetag.png in Resources */,
				85DA1FB913984E7B0020154F /* 191-collection.png in Resources */,
				85D91F10139953C700265126 /* MapRootView.xib in Resources */,
				85D91F13139953D600265126 /* ProfileRootView.xib in Resources */,
				85D91F15139955D900265126 /* SettingsRootView.xib in Resources */,
				85D91F1713995DF900265126 /* OffersRootView.xib in Resources */,
				85D91F24139978E600265126 /* LoginRootView.xib in Resources */,
				855C9C8B13ABC5BF00924AA3 /* OffersRedeemView.xib in Resources */,
			);
			runOnlyForDeploymentPostprocessing = 0;
		};
		85DA1F7113984D7D0020154F /* Resources */ = {
			isa = PBXResourcesBuildPhase;
			buildActionMask = 2147483647;
			files = (
				85DA1F8013984D7D0020154F /* InfoPlist.strings in Resources */,
				85DA1F8313984D7D0020154F /* Youpon_Pt_2Tests.h in Resources */,
			);
			runOnlyForDeploymentPostprocessing = 0;
		};
/* End PBXResourcesBuildPhase section */

/* Begin PBXShellScriptBuildPhase section */
		85DA1F7213984D7D0020154F /* ShellScript */ = {
			isa = PBXShellScriptBuildPhase;
			buildActionMask = 2147483647;
			files = (
			);
			inputPaths = (
			);
			outputPaths = (
			);
			runOnlyForDeploymentPostprocessing = 0;
			shellPath = /bin/sh;
			shellScript = "# Run the unit tests in this test bundle.\n\"${SYSTEM_DEVELOPER_DIR}/Tools/RunUnitTests\"\n";
		};
/* End PBXShellScriptBuildPhase section */

/* Begin PBXSourcesBuildPhase section */
		85DA1F4D13984D7D0020154F /* Sources */ = {
			isa = PBXSourcesBuildPhase;
			buildActionMask = 2147483647;
			files = (
				85DA1F6513984D7D0020154F /* main.m in Sources */,
				85DA1F6813984D7D0020154F /* Youpon_Pt_2AppDelegate.m in Sources */,
				85DA1F6E13984D7D0020154F /* Youpon_Pt_2.xcdatamodeld in Sources */,
				85DA1FBD13984E990020154F /* LoginServiceStub.m in Sources */,
				85D03FA713984F30008D4D97 /* ServiceRequest.m in Sources */,
				85D03FA813984F30008D4D97 /* ServiceResponse.m in Sources */,
				85D03FB513987E44008D4D97 /* OffersRootViewController.m in Sources */,
				85D03FB813987E71008D4D97 /* MapRootViewController.m in Sources */,
				85D03FBB13987E85008D4D97 /* ProfileRootViewController.m in Sources */,
				85D03FBE13987F34008D4D97 /* SettingsRootViewController.m in Sources */,
				85D91F22139977F100265126 /* LoginRootViewController.m in Sources */,
				852FF094139C1B14007C5475 /* OffersRootTableViewController.m in Sources */,
				85EBEFD113A2FC17003405A8 /* NSArray-NestedArrays.m in Sources */,
				85EBEFD413A2FE36003405A8 /* OfferValueDisplay.m in Sources */,
				85EBEFD713A30BAE003405A8 /* OffersEditTableViewController.m in Sources */,
				852DAA1E13AAAEB400432DB4 /* ManagedObjectAttributeEditor.m in Sources */,
				852DAA2213AAB4AE00432DB4 /* ManagedObjectStringEditor.m in Sources */,
				852DAA2513AAC4DF00432DB4 /* ManagedObjectDateEditor.m in Sources */,
				852DAA2813AAE4CF00432DB4 /* ManagedObjectSingleSelectionListEditor.m in Sources */,
				855C9C8813ABC46200924AA3 /* OffersRedeemViewController.m in Sources */,
				855C9C8E13ABD0F000924AA3 /* RedeemServiceStub.m in Sources */,
				855C9C9113ABD2D400924AA3 /* RedeemServiceRequest.m in Sources */,
				855C9C9413ABD32800924AA3 /* RedeemServiceResponse.m in Sources */,
				8567AAD313BE31220061D98E /* Offer.m in Sources */,
				85009E7313CB9464003FB9EF /* NSObject+SBJson.m in Sources */,
				85009E7413CB9464003FB9EF /* SBJsonParser.m in Sources */,
				85009E7513CB9464003FB9EF /* SBJsonStreamParser.m in Sources */,
				85009E7613CB9464003FB9EF /* SBJsonStreamParserAccumulator.m in Sources */,
				85009E7713CB9464003FB9EF /* SBJsonStreamParserAdapter.m in Sources */,
				85009E7813CB9464003FB9EF /* SBJsonStreamParserState.m in Sources */,
				85009E7913CB9464003FB9EF /* SBJsonStreamWriter.m in Sources */,
				85009E7A13CB9464003FB9EF /* SBJsonStreamWriterAccumulator.m in Sources */,
				85009E7B13CB9464003FB9EF /* SBJsonStreamWriterState.m in Sources */,
				85009E7C13CB9464003FB9EF /* SBJsonTokeniser.m in Sources */,
				85009E7D13CB9464003FB9EF /* SBJsonUTF8Stream.m in Sources */,
				85009E7E13CB9464003FB9EF /* SBJsonWriter.m in Sources */,
				85009E8213CB9A69003FB9EF /* RailsModel.m in Sources */,
			);
			runOnlyForDeploymentPostprocessing = 0;
		};
		85DA1F6F13984D7D0020154F /* Sources */ = {
			isa = PBXSourcesBuildPhase;
			buildActionMask = 2147483647;
			files = (
				85DA1F8513984D7D0020154F /* Youpon_Pt_2Tests.m in Sources */,
			);
			runOnlyForDeploymentPostprocessing = 0;
		};
/* End PBXSourcesBuildPhase section */

/* Begin PBXTargetDependency section */
		85DA1F7A13984D7D0020154F /* PBXTargetDependency */ = {
			isa = PBXTargetDependency;
			target = 85DA1F5013984D7D0020154F /* Youpon-Pt-2 */;
			targetProxy = 85DA1F7913984D7D0020154F /* PBXContainerItemProxy */;
		};
/* End PBXTargetDependency section */

/* Begin PBXVariantGroup section */
		85DA1F6013984D7D0020154F /* InfoPlist.strings */ = {
			isa = PBXVariantGroup;
			children = (
				85DA1F6113984D7D0020154F /* en */,
			);
			name = InfoPlist.strings;
			sourceTree = "<group>";
		};
		85DA1F6913984D7D0020154F /* MainWindow.xib */ = {
			isa = PBXVariantGroup;
			children = (
				85DA1F6A13984D7D0020154F /* en */,
			);
			name = MainWindow.xib;
			sourceTree = "<group>";
		};
		85DA1F7E13984D7D0020154F /* InfoPlist.strings */ = {
			isa = PBXVariantGroup;
			children = (
				85DA1F7F13984D7D0020154F /* en */,
			);
			name = InfoPlist.strings;
			sourceTree = "<group>";
		};
/* End PBXVariantGroup section */

/* Begin XCBuildConfiguration section */
		85DA1F8613984D7D0020154F /* Debug */ = {
			isa = XCBuildConfiguration;
			buildSettings = {
				ARCHS = "$(ARCHS_STANDARD_32_BIT)";
				"CODE_SIGN_IDENTITY[sdk=iphoneos*]" = "iPhone Developer";
				GCC_C_LANGUAGE_STANDARD = gnu99;
				GCC_OPTIMIZATION_LEVEL = 0;
				GCC_PREPROCESSOR_DEFINITIONS = DEBUG;
				GCC_SYMBOLS_PRIVATE_EXTERN = NO;
				GCC_VERSION = com.apple.compilers.llvmgcc42;
				GCC_WARN_ABOUT_RETURN_TYPE = YES;
				GCC_WARN_UNUSED_VARIABLE = YES;
				IPHONEOS_DEPLOYMENT_TARGET = 4.3;
				SDKROOT = iphoneos;
			};
			name = Debug;
		};
		85DA1F8713984D7D0020154F /* Release */ = {
			isa = XCBuildConfiguration;
			buildSettings = {
				ARCHS = "$(ARCHS_STANDARD_32_BIT)";
				"CODE_SIGN_IDENTITY[sdk=iphoneos*]" = "iPhone Developer";
				GCC_C_LANGUAGE_STANDARD = gnu99;
				GCC_VERSION = com.apple.compilers.llvmgcc42;
				GCC_WARN_ABOUT_RETURN_TYPE = YES;
				GCC_WARN_UNUSED_VARIABLE = YES;
				IPHONEOS_DEPLOYMENT_TARGET = 4.3;
				OTHER_CFLAGS = "-DNS_BLOCK_ASSERTIONS=1";
				SDKROOT = iphoneos;
			};
			name = Release;
		};
		85DA1F8913984D7D0020154F /* Debug */ = {
			isa = XCBuildConfiguration;
			buildSettings = {
				ALWAYS_SEARCH_USER_PATHS = NO;
				COPY_PHASE_STRIP = NO;
				GCC_DYNAMIC_NO_PIC = NO;
				GCC_PRECOMPILE_PREFIX_HEADER = YES;
				GCC_PREFIX_HEADER = "Youpon-Pt-2/Youpon-Pt-2-Prefix.pch";
				INFOPLIST_FILE = "Youpon-Pt-2/Youpon-Pt-2-Info.plist";
				PRODUCT_NAME = "$(TARGET_NAME)";
				WRAPPER_EXTENSION = app;
			};
			name = Debug;
		};
		85DA1F8A13984D7D0020154F /* Release */ = {
			isa = XCBuildConfiguration;
			buildSettings = {
				ALWAYS_SEARCH_USER_PATHS = NO;
				COPY_PHASE_STRIP = YES;
				GCC_PRECOMPILE_PREFIX_HEADER = YES;
				GCC_PREFIX_HEADER = "Youpon-Pt-2/Youpon-Pt-2-Prefix.pch";
				INFOPLIST_FILE = "Youpon-Pt-2/Youpon-Pt-2-Info.plist";
				PRODUCT_NAME = "$(TARGET_NAME)";
				VALIDATE_PRODUCT = YES;
				WRAPPER_EXTENSION = app;
			};
			name = Release;
		};
		85DA1F8C13984D7D0020154F /* Debug */ = {
			isa = XCBuildConfiguration;
			buildSettings = {
				ALWAYS_SEARCH_USER_PATHS = NO;
				BUNDLE_LOADER = "$(BUILT_PRODUCTS_DIR)/Youpon-Pt-2.app/Youpon-Pt-2";
				FRAMEWORK_SEARCH_PATHS = (
					"$(SDKROOT)/Developer/Library/Frameworks",
					"$(DEVELOPER_LIBRARY_DIR)/Frameworks",
				);
				GCC_PRECOMPILE_PREFIX_HEADER = YES;
				GCC_PREFIX_HEADER = "Youpon-Pt-2Tests/Youpon-Pt-2Tests-Prefix.pch";
				INFOPLIST_FILE = "Youpon-Pt-2Tests/Youpon-Pt-2Tests-Info.plist";
				OTHER_LDFLAGS = (
					"-framework",
					SenTestingKit,
				);
				PRODUCT_NAME = "$(TARGET_NAME)";
				TEST_HOST = "$(BUNDLE_LOADER)";
				WRAPPER_EXTENSION = octest;
			};
			name = Debug;
		};
		85DA1F8D13984D7D0020154F /* Release */ = {
			isa = XCBuildConfiguration;
			buildSettings = {
				ALWAYS_SEARCH_USER_PATHS = NO;
				BUNDLE_LOADER = "$(BUILT_PRODUCTS_DIR)/Youpon-Pt-2.app/Youpon-Pt-2";
				FRAMEWORK_SEARCH_PATHS = (
					"$(SDKROOT)/Developer/Library/Frameworks",
					"$(DEVELOPER_LIBRARY_DIR)/Frameworks",
				);
				GCC_PRECOMPILE_PREFIX_HEADER = YES;
				GCC_PREFIX_HEADER = "Youpon-Pt-2Tests/Youpon-Pt-2Tests-Prefix.pch";
				INFOPLIST_FILE = "Youpon-Pt-2Tests/Youpon-Pt-2Tests-Info.plist";
				OTHER_LDFLAGS = (
					"-framework",
					SenTestingKit,
				);
				PRODUCT_NAME = "$(TARGET_NAME)";
				TEST_HOST = "$(BUNDLE_LOADER)";
				WRAPPER_EXTENSION = octest;
			};
			name = Release;
		};
/* End XCBuildConfiguration section */

/* Begin XCConfigurationList section */
		85DA1F4B13984D7D0020154F /* Build configuration list for PBXProject "Youpon-Pt-2" */ = {
			isa = XCConfigurationList;
			buildConfigurations = (
				85DA1F8613984D7D0020154F /* Debug */,
				85DA1F8713984D7D0020154F /* Release */,
			);
			defaultConfigurationIsVisible = 0;
			defaultConfigurationName = Release;
		};
		85DA1F8813984D7D0020154F /* Build configuration list for PBXNativeTarget "Youpon-Pt-2" */ = {
			isa = XCConfigurationList;
			buildConfigurations = (
				85DA1F8913984D7D0020154F /* Debug */,
				85DA1F8A13984D7D0020154F /* Release */,
			);
			defaultConfigurationIsVisible = 0;
			defaultConfigurationName = Release;
		};
		85DA1F8B13984D7D0020154F /* Build configuration list for PBXNativeTarget "Youpon-Pt-2Tests" */ = {
			isa = XCConfigurationList;
			buildConfigurations = (
				85DA1F8C13984D7D0020154F /* Debug */,
				85DA1F8D13984D7D0020154F /* Release */,
			);
			defaultConfigurationIsVisible = 0;
			defaultConfigurationName = Release;
		};
/* End XCConfigurationList section */

/* Begin XCVersionGroup section */
		85DA1F6C13984D7D0020154F /* Youpon_Pt_2.xcdatamodeld */ = {
			isa = XCVersionGroup;
			children = (
				85DA1F6D13984D7D0020154F /* Youpon_Pt_2.xcdatamodel */,
			);
			currentVersion = 85DA1F6D13984D7D0020154F /* Youpon_Pt_2.xcdatamodel */;
			path = Youpon_Pt_2.xcdatamodeld;
			sourceTree = "<group>";
			versionGroupType = wrapper.xcdatamodel;
		};
/* End XCVersionGroup section */
	};
	rootObject = 85DA1F4813984D7D0020154F /* Project object */;
}
